
Microsoft Visual Studio Solution File, Format Version 12.00
# Visual Studio Version 16
VisualStudioVersion = 16.0.31025.194
MinimumVisualStudioVersion = 10.0.40219.1
Project("{FAE04EC0-301F-11D3-BF4B-00C04F79EFBC}") = "savas.Desktop", "savas.Desktop\savas.Desktop.csproj", "{A41710CF-8882-4C86-961B-3B48EF303BF7}"
EndProject
Project("{FAE04EC0-301F-11D3-BF4B-00C04F79EFBC}") = "savas.Libary", "savas.Libary\savas.Libary.csproj", "{C48386A7-46CB-41D6-833C-A52A5E8D277F}"
EndProject
Project("{2150E333-8FDC-42A3-9474-1A3956D46DE8}") = "Solution Items", "Solution Items", "{C03AD190-7DF4-496D-8A62-85A706276569}"
	ProjectSection(SolutionItems) = preProject
		.editorconfig = .editorconfig
	EndProjectSection
EndProject
Global
	GlobalSection(SolutionConfigurationPlatforms) = preSolution
		Debug|Any CPU = Debug|Any CPU
		Release|Any CPU = Release|Any CPU
	EndGlobalSection
	GlobalSection(ProjectConfigurationPlatforms) = postSolution
		{A41710CF-8882-4C86-961B-3B48EF303BF7}.Debug|Any CPU.ActiveCfg = Debug|Any CPU
		{A41710CF-8882-4C86-961B-3B48EF303BF7}.Debug|Any CPU.Build.0 = Debug|Any CPU
		{A41710CF-8882-4C86-961B-3B48EF303BF7}.Release|Any CPU.ActiveCfg = Release|Any CPU
		{A41710CF-8882-4C86-961B-3B48EF303BF7}.Release|Any CPU.Build.0 = Release|Any CPU
		{C48386A7-46CB-41D6-833C-A52A5E8D277F}.Debug|Any CPU.ActiveCfg = Debug|Any CPU
		{C48386A7-46CB-41D6-833C-A52A5E8D277F}.Debug|Any CPU.Build.0 = Debug|Any CPU
		{C48386A7-46CB-41D6-833C-A52A5E8D277F}.Release|Any CPU.ActiveCfg = Release|Any CPU
		{C48386A7-46CB-41D6-833C-A52A5E8D277F}.Release|Any CPU.Build.0 = Release|Any CPU
	EndGlobalSection
	GlobalSection(SolutionProperties) = preSolution
		HideSolutionNode = FALSE
	EndGlobalSection
	GlobalSection(ExtensibilityGlobals) = postSolution
		SolutionGuid = {B67AF01D-EA00-47A6-8080-B19968B499D9}
	EndGlobalSection
EndGlobal
